
Microsoft Visual Studio Solution File, Format Version 12.00
# Visual Studio Version 16
VisualStudioVersion = 16.0.30413.136
MinimumVisualStudioVersion = 10.0.40219.1
Project("{9A19103F-16F7-4668-BE54-9A1E7A4F7556}") = "Discord.DarthClient", "Discord.DarthClient\Discord.DarthClient.csproj", "{00F666C2-239A-49C8-9CDD-95A6CA390383}"
EndProject
Project("{9A19103F-16F7-4668-BE54-9A1E7A4F7556}") = "DiscordMonitor", "DiscordMonitor\DiscordMonitor.csproj", "{23B966A6-D5D1-4538-868E-2B90523E9A69}"
EndProject
Global
	GlobalSection(SolutionConfigurationPlatforms) = preSolution
		Debug|Any CPU = Debug|Any CPU
		Release|Any CPU = Release|Any CPU
	EndGlobalSection
	GlobalSection(ProjectConfigurationPlatforms) = postSolution
		{00F666C2-239A-49C8-9CDD-95A6CA390383}.Debug|Any CPU.ActiveCfg = Debug|Any CPU
		{00F666C2-239A-49C8-9CDD-95A6CA390383}.Debug|Any CPU.Build.0 = Debug|Any CPU
		{00F666C2-239A-49C8-9CDD-95A6CA390383}.Release|Any CPU.ActiveCfg = Release|Any CPU
		{00F666C2-239A-49C8-9CDD-95A6CA390383}.Release|Any CPU.Build.0 = Release|Any CPU
		{23B966A6-D5D1-4538-868E-2B90523E9A69}.Debug|Any CPU.ActiveCfg = Debug|Any CPU
		{23B966A6-D5D1-4538-868E-2B90523E9A69}.Debug|Any CPU.Build.0 = Debug|Any CPU
		{23B966A6-D5D1-4538-868E-2B90523E9A69}.Release|Any CPU.ActiveCfg = Release|Any CPU
		{23B966A6-D5D1-4538-868E-2B90523E9A69}.Release|Any CPU.Build.0 = Release|Any CPU
	EndGlobalSection
	GlobalSection(SolutionProperties) = preSolution
		HideSolutionNode = FALSE
	EndGlobalSection
	GlobalSection(ExtensibilityGlobals) = postSolution
		SolutionGuid = {FB6ABC3C-7D99-454C-A9CA-BAA09C6108BC}
	EndGlobalSection
EndGlobal
